// !$*UTF8*$!
{
	archiveVersion = 1;
	classes = {
	};
	objectVersion = 56;
	objects = {

/* Begin PBXBuildFile section */
		CE0DF80D2A37F99900D44A74 /* AppDelegate.swift in Sources */ = {isa = PBXBuildFile; fileRef = CE0DF80C2A37F99900D44A74 /* AppDelegate.swift */; };
		CE0DF80F2A37F99900D44A74 /* SceneDelegate.swift in Sources */ = {isa = PBXBuildFile; fileRef = CE0DF80E2A37F99900D44A74 /* SceneDelegate.swift */; };
		CE0DF8112A37F99900D44A74 /* ViewController.swift in Sources */ = {isa = PBXBuildFile; fileRef = CE0DF8102A37F99900D44A74 /* ViewController.swift */; };
		CE0DF8162A37F99A00D44A74 /* Assets.xcassets in Resources */ = {isa = PBXBuildFile; fileRef = CE0DF8152A37F99A00D44A74 /* Assets.xcassets */; };
		CE0DF8192A37F99A00D44A74 /* LaunchScreen.storyboard in Resources */ = {isa = PBXBuildFile; fileRef = CE0DF8172A37F99A00D44A74 /* LaunchScreen.storyboard */; };
		CE0DF8242A37F99A00D44A74 /* Swift_quizTests.swift in Sources */ = {isa = PBXBuildFile; fileRef = CE0DF8232A37F99A00D44A74 /* Swift_quizTests.swift */; };
		CE0DF82E2A37F99A00D44A74 /* Swift_quizUITests.swift in Sources */ = {isa = PBXBuildFile; fileRef = CE0DF82D2A37F99A00D44A74 /* Swift_quizUITests.swift */; };
		CE0DF8302A37F99A00D44A74 /* Swift_quizUITestsLaunchTests.swift in Sources */ = {isa = PBXBuildFile; fileRef = CE0DF82F2A37F99A00D44A74 /* Swift_quizUITestsLaunchTests.swift */; };
		CEE50ED22A3A01F6001537EF /* Main.storyboard in Resources */ = {isa = PBXBuildFile; fileRef = CE0DF8122A37F99900D44A74 /* Main.storyboard */; };
		CEE50ED42A3B032A001537EF /* README.md in Resources */ = {isa = PBXBuildFile; fileRef = CEE50ED32A3B032A001537EF /* README.md */; };
		CEE50EE92A3BD622001537EF /* demoimg.png in Resources */ = {isa = PBXBuildFile; fileRef = CEE50EE82A3BD622001537EF /* demoimg.png */; };
		CEF60A512A3850FE00922B01 /* Question.swift in Sources */ = {isa = PBXBuildFile; fileRef = CEF60A502A3850FE00922B01 /* Question.swift */; };
		CEF60A562A389C1E00922B01 /* QuizBrain.swift in Sources */ = {isa = PBXBuildFile; fileRef = CEF60A552A389C1E00922B01 /* QuizBrain.swift */; };
		CEF60A5A2A39832400922B01 /* scoreViewController.swift in Sources */ = {isa = PBXBuildFile; fileRef = CEF60A592A39832400922B01 /* scoreViewController.swift */; };
		CEF60A9A2A39E6CF00922B01 /* ArViewController.swift in Sources */ = {isa = PBXBuildFile; fileRef = CEF60A992A39E6CF00922B01 /* ArViewController.swift */; };
		CEF60A9E2A39F3C300922B01 /* Experience.rcproject in Sources */ = {isa = PBXBuildFile; fileRef = CEF60A5B2A39ACFB00922B01 /* Experience.rcproject */; };
/* End PBXBuildFile section */

/* Begin PBXContainerItemProxy section */
		CE0DF8202A37F99A00D44A74 /* PBXContainerItemProxy */ = {
			isa = PBXContainerItemProxy;
			containerPortal = CE0DF8012A37F99900D44A74 /* Project object */;
			proxyType = 1;
			remoteGlobalIDString = CE0DF8082A37F99900D44A74;
			remoteInfo = Swift_quiz;
		};
		CE0DF82A2A37F99A00D44A74 /* PBXContainerItemProxy */ = {
			isa = PBXContainerItemProxy;
			containerPortal = CE0DF8012A37F99900D44A74 /* Project object */;
			proxyType = 1;
			remoteGlobalIDString = CE0DF8082A37F99900D44A74;
			remoteInfo = Swift_quiz;
		};
/* End PBXContainerItemProxy section */

/* Begin PBXFileReference section */
		CE0DF8092A37F99900D44A74 /* Swift_quiz.app */ = {isa = PBXFileReference; explicitFileType = wrapper.application; includeInIndex = 0; path = Swift_quiz.app; sourceTree = BUILT_PRODUCTS_DIR; };
		CE0DF80C2A37F99900D44A74 /* AppDelegate.swift */ = {isa = PBXFileReference; lastKnownFileType = sourcecode.swift; path = AppDelegate.swift; sourceTree = "<group>"; };
		CE0DF80E2A37F99900D44A74 /* SceneDelegate.swift */ = {isa = PBXFileReference; lastKnownFileType = sourcecode.swift; path = SceneDelegate.swift; sourceTree = "<group>"; };
		CE0DF8102A37F99900D44A74 /* ViewController.swift */ = {isa = PBXFileReference; lastKnownFileType = sourcecode.swift; path = ViewController.swift; sourceTree = "<group>"; };
		CE0DF8132A37F99900D44A74 /* Base */ = {isa = PBXFileReference; lastKnownFileType = file.storyboard; name = Base; path = Base.lproj/Main.storyboard; sourceTree = "<group>"; };
		CE0DF8152A37F99A00D44A74 /* Assets.xcassets */ = {isa = PBXFileReference; lastKnownFileType = folder.assetcatalog; path = Assets.xcassets; sourceTree = "<group>"; };
		CE0DF8182A37F99A00D44A74 /* Base */ = {isa = PBXFileReference; lastKnownFileType = file.storyboard; name = Base; path = Base.lproj/LaunchScreen.storyboard; sourceTree = "<group>"; };
		CE0DF81A2A37F99A00D44A74 /* Info.plist */ = {isa = PBXFileReference; lastKnownFileType = text.plist.xml; path = Info.plist; sourceTree = "<group>"; };
		CE0DF81F2A37F99A00D44A74 /* Swift_quizTests.xctest */ = {isa = PBXFileReference; explicitFileType = wrapper.cfbundle; includeInIndex = 0; path = Swift_quizTests.xctest; sourceTree = BUILT_PRODUCTS_DIR; };
		CE0DF8232A37F99A00D44A74 /* Swift_quizTests.swift */ = {isa = PBXFileReference; lastKnownFileType = sourcecode.swift; path = Swift_quizTests.swift; sourceTree = "<group>"; };
		CE0DF8292A37F99A00D44A74 /* Swift_quizUITests.xctest */ = {isa = PBXFileReference; explicitFileType = wrapper.cfbundle; includeInIndex = 0; path = Swift_quizUITests.xctest; sourceTree = BUILT_PRODUCTS_DIR; };
		CE0DF82D2A37F99A00D44A74 /* Swift_quizUITests.swift */ = {isa = PBXFileReference; lastKnownFileType = sourcecode.swift; path = Swift_quizUITests.swift; sourceTree = "<group>"; };
		CE0DF82F2A37F99A00D44A74 /* Swift_quizUITestsLaunchTests.swift */ = {isa = PBXFileReference; lastKnownFileType = sourcecode.swift; path = Swift_quizUITestsLaunchTests.swift; sourceTree = "<group>"; };
		CEE50ED32A3B032A001537EF /* README.md */ = {isa = PBXFileReference; lastKnownFileType = net.daringfireball.markdown; path = README.md; sourceTree = "<group>"; };
		CEE50EE82A3BD622001537EF /* demoimg.png */ = {isa = PBXFileReference; lastKnownFileType = image.png; name = demoimg.png; path = ../../../../Downloads/demoimg.png; sourceTree = "<group>"; };
		CEF60A502A3850FE00922B01 /* Question.swift */ = {isa = PBXFileReference; lastKnownFileType = sourcecode.swift; path = Question.swift; sourceTree = "<group>"; };
		CEF60A552A389C1E00922B01 /* QuizBrain.swift */ = {isa = PBXFileReference; lastKnownFileType = sourcecode.swift; path = QuizBrain.swift; sourceTree = "<group>"; };
		CEF60A592A39832400922B01 /* scoreViewController.swift */ = {isa = PBXFileReference; lastKnownFileType = sourcecode.swift; name = scoreViewController.swift; path = Swift_quiz/Controller/scoreViewController.swift; sourceTree = SOURCE_ROOT; };
		CEF60A5B2A39ACFB00922B01 /* Experience.rcproject */ = {isa = PBXFileReference; lastKnownFileType = file.rcproject; path = Experience.rcproject; sourceTree = "<group>"; };
		CEF60A992A39E6CF00922B01 /* ArViewController.swift */ = {isa = PBXFileReference; lastKnownFileType = sourcecode.swift; path = ArViewController.swift; sourceTree = "<group>"; usesTabs = 0; };
/* End PBXFileReference section */

/* Begin PBXFrameworksBuildPhase section */
		CE0DF8062A37F99900D44A74 /* Frameworks */ = {
			isa = PBXFrameworksBuildPhase;
			buildActionMask = 2147483647;
			files = (
			);
			runOnlyForDeploymentPostprocessing = 0;
		};
		CE0DF81C2A37F99A00D44A74 /* Frameworks */ = {
			isa = PBXFrameworksBuildPhase;
			buildActionMask = 2147483647;
			files = (
			);
			runOnlyForDeploymentPostprocessing = 0;
		};
		CE0DF8262A37F99A00D44A74 /* Frameworks */ = {
			isa = PBXFrameworksBuildPhase;
			buildActionMask = 2147483647;
			files = (
			);
			runOnlyForDeploymentPostprocessing = 0;
		};
/* End PBXFrameworksBuildPhase section */

/* Begin PBXGroup section */
		CE0DF8002A37F99900D44A74 = {
			isa = PBXGroup;
			children = (
				CEE50ED32A3B032A001537EF /* README.md */,
				CEE50EE82A3BD622001537EF /* demoimg.png */,
				CE0DF80B2A37F99900D44A74 /* Swift_quiz */,
				CE0DF8222A37F99A00D44A74 /* Swift_quizTests */,
				CE0DF82C2A37F99A00D44A74 /* Swift_quizUITests */,
				CE0DF80A2A37F99900D44A74 /* Products */,
			);
			sourceTree = "<group>";
		};
		CE0DF80A2A37F99900D44A74 /* Products */ = {
			isa = PBXGroup;
			children = (
				CE0DF8092A37F99900D44A74 /* Swift_quiz.app */,
				CE0DF81F2A37F99A00D44A74 /* Swift_quizTests.xctest */,
				CE0DF8292A37F99A00D44A74 /* Swift_quizUITests.xctest */,
			);
			name = Products;
			sourceTree = "<group>";
		};
		CE0DF80B2A37F99900D44A74 /* Swift_quiz */ = {
			isa = PBXGroup;
			children = (
				CE0DF80C2A37F99900D44A74 /* AppDelegate.swift */,
				CE0DF80E2A37F99900D44A74 /* SceneDelegate.swift */,
				CEF60A522A389B7900922B01 /* Model */,
				CEF60A532A389B9900922B01 /* View */,
				CEF60A542A389BB100922B01 /* Controller */,
				CE0DF8152A37F99A00D44A74 /* Assets.xcassets */,
				CE0DF8172A37F99A00D44A74 /* LaunchScreen.storyboard */,
				CE0DF81A2A37F99A00D44A74 /* Info.plist */,
			);
			path = Swift_quiz;
			sourceTree = "<group>";
		};
		CE0DF8222A37F99A00D44A74 /* Swift_quizTests */ = {
			isa = PBXGroup;
			children = (
				CE0DF8232A37F99A00D44A74 /* Swift_quizTests.swift */,
			);
			path = Swift_quizTests;
			sourceTree = "<group>";
		};
		CE0DF82C2A37F99A00D44A74 /* Swift_quizUITests */ = {
			isa = PBXGroup;
			children = (
				CE0DF82D2A37F99A00D44A74 /* Swift_quizUITests.swift */,
				CE0DF82F2A37F99A00D44A74 /* Swift_quizUITestsLaunchTests.swift */,
			);
			path = Swift_quizUITests;
			sourceTree = "<group>";
		};
		CEF60A522A389B7900922B01 /* Model */ = {
			isa = PBXGroup;
			children = (
				CEF60A5B2A39ACFB00922B01 /* Experience.rcproject */,
				CEF60A502A3850FE00922B01 /* Question.swift */,
				CEF60A552A389C1E00922B01 /* QuizBrain.swift */,
			);
			path = Model;
			sourceTree = "<group>";
		};
		CEF60A532A389B9900922B01 /* View */ = {
			isa = PBXGroup;
			children = (
				CE0DF8122A37F99900D44A74 /* Main.storyboard */,
			);
			path = View;
			sourceTree = "<group>";
		};
		CEF60A542A389BB100922B01 /* Controller */ = {
			isa = PBXGroup;
			children = (
				CEF60A992A39E6CF00922B01 /* ArViewController.swift */,
				CEF60A592A39832400922B01 /* scoreViewController.swift */,
				CE0DF8102A37F99900D44A74 /* ViewController.swift */,
			);
			path = Controller;
			sourceTree = "<group>";
		};
/* End PBXGroup section */

/* Begin PBXNativeTarget section */
		CE0DF8082A37F99900D44A74 /* Swift_quiz */ = {
			isa = PBXNativeTarget;
			buildConfigurationList = CE0DF8332A37F99A00D44A74 /* Build configuration list for PBXNativeTarget "Swift_quiz" */;
			buildPhases = (
				CE0DF8052A37F99900D44A74 /* Sources */,
				CE0DF8062A37F99900D44A74 /* Frameworks */,
				CE0DF8072A37F99900D44A74 /* Resources */,
			);
			buildRules = (
			);
			dependencies = (
			);
			name = Swift_quiz;
			productName = Swift_quiz;
			productReference = CE0DF8092A37F99900D44A74 /* Swift_quiz.app */;
			productType = "com.apple.product-type.application";
		};
		CE0DF81E2A37F99A00D44A74 /* Swift_quizTests */ = {
			isa = PBXNativeTarget;
			buildConfigurationList = CE0DF8362A37F99A00D44A74 /* Build configuration list for PBXNativeTarget "Swift_quizTests" */;
			buildPhases = (
				CE0DF81B2A37F99A00D44A74 /* Sources */,
				CE0DF81C2A37F99A00D44A74 /* Frameworks */,
				CE0DF81D2A37F99A00D44A74 /* Resources */,
			);
			buildRules = (
			);
			dependencies = (
				CE0DF8212A37F99A00D44A74 /* PBXTargetDependency */,
			);
			name = Swift_quizTests;
			productName = Swift_quizTests;
			productReference = CE0DF81F2A37F99A00D44A74 /* Swift_quizTests.xctest */;
			productType = "com.apple.product-type.bundle.unit-test";
		};
		CE0DF8282A37F99A00D44A74 /* Swift_quizUITests */ = {
			isa = PBXNativeTarget;
			buildConfigurationList = CE0DF8392A37F99A00D44A74 /* Build configuration list for PBXNativeTarget "Swift_quizUITests" */;
			buildPhases = (
				CE0DF8252A37F99A00D44A74 /* Sources */,
				CE0DF8262A37F99A00D44A74 /* Frameworks */,
				CE0DF8272A37F99A00D44A74 /* Resources */,
			);
			buildRules = (
			);
			dependencies = (
				CE0DF82B2A37F99A00D44A74 /* PBXTargetDependency */,
			);
			name = Swift_quizUITests;
			productName = Swift_quizUITests;
			productReference = CE0DF8292A37F99A00D44A74 /* Swift_quizUITests.xctest */;
			productType = "com.apple.product-type.bundle.ui-testing";
		};
/* End PBXNativeTarget section */

/* Begin PBXProject section */
		CE0DF8012A37F99900D44A74 /* Project object */ = {
			isa = PBXProject;
			attributes = {
				BuildIndependentTargetsInParallel = 1;
				LastSwiftUpdateCheck = 1430;
				LastUpgradeCheck = 1430;
				TargetAttributes = {
					CE0DF8082A37F99900D44A74 = {
						CreatedOnToolsVersion = 14.3.1;
					};
					CE0DF81E2A37F99A00D44A74 = {
						CreatedOnToolsVersion = 14.3.1;
						TestTargetID = CE0DF8082A37F99900D44A74;
					};
					CE0DF8282A37F99A00D44A74 = {
						CreatedOnToolsVersion = 14.3.1;
						TestTargetID = CE0DF8082A37F99900D44A74;
					};
				};
			};
			buildConfigurationList = CE0DF8042A37F99900D44A74 /* Build configuration list for PBXProject "Swift_quiz" */;
			compatibilityVersion = "Xcode 14.0";
			developmentRegion = en;
			hasScannedForEncodings = 0;
			knownRegions = (
				en,
				Base,
			);
			mainGroup = CE0DF8002A37F99900D44A74;
			productRefGroup = CE0DF80A2A37F99900D44A74 /* Products */;
			projectDirPath = "";
			projectRoot = "";
			targets = (
				CE0DF8082A37F99900D44A74 /* Swift_quiz */,
				CE0DF81E2A37F99A00D44A74 /* Swift_quizTests */,
				CE0DF8282A37F99A00D44A74 /* Swift_quizUITests */,
			);
		};
/* End PBXProject section */

/* Begin PBXResourcesBuildPhase section */
		CE0DF8072A37F99900D44A74 /* Resources */ = {
			isa = PBXResourcesBuildPhase;
			buildActionMask = 2147483647;
			files = (
				CEE50ED22A3A01F6001537EF /* Main.storyboard in Resources */,
				CE0DF8192A37F99A00D44A74 /* LaunchScreen.storyboard in Resources */,
				CEE50EE92A3BD622001537EF /* demoimg.png in Resources */,
				CEE50ED42A3B032A001537EF /* README.md in Resources */,
				CE0DF8162A37F99A00D44A74 /* Assets.xcassets in Resources */,
			);
			runOnlyForDeploymentPostprocessing = 0;
		};
		CE0DF81D2A37F99A00D44A74 /* Resources */ = {
			isa = PBXResourcesBuildPhase;
			buildActionMask = 2147483647;
			files = (
			);
			runOnlyForDeploymentPostprocessing = 0;
		};
		CE0DF8272A37F99A00D44A74 /* Resources */ = {
			isa = PBXResourcesBuildPhase;
			buildActionMask = 2147483647;
			files = (
			);
			runOnlyForDeploymentPostprocessing = 0;
		};
/* End PBXResourcesBuildPhase section */

/* Begin PBXSourcesBuildPhase section */
		CE0DF8052A37F99900D44A74 /* Sources */ = {
			isa = PBXSourcesBuildPhase;
			buildActionMask = 2147483647;
			files = (
				CEF60A562A389C1E00922B01 /* QuizBrain.swift in Sources */,
				CEF60A5A2A39832400922B01 /* scoreViewController.swift in Sources */,
				CE0DF8112A37F99900D44A74 /* ViewController.swift in Sources */,
				CEF60A9A2A39E6CF00922B01 /* ArViewController.swift in Sources */,
				CEF60A512A3850FE00922B01 /* Question.swift in Sources */,
				CE0DF80D2A37F99900D44A74 /* AppDelegate.swift in Sources */,
				CEF60A9E2A39F3C300922B01 /* Experience.rcproject in Sources */,
				CE0DF80F2A37F99900D44A74 /* SceneDelegate.swift in Sources */,
			);
			runOnlyForDeploymentPostprocessing = 0;
		};
		CE0DF81B2A37F99A00D44A74 /* Sources */ = {
			isa = PBXSourcesBuildPhase;
			buildActionMask = 2147483647;
			files = (
				CE0DF8242A37F99A00D44A74 /* Swift_quizTests.swift in Sources */,
			);
			runOnlyForDeploymentPostprocessing = 0;
		};
		CE0DF8252A37F99A00D44A74 /* Sources */ = {
			isa = PBXSourcesBuildPhase;
			buildActionMask = 2147483647;
			files = (
				CE0DF82E2A37F99A00D44A74 /* Swift_quizUITests.swift in Sources */,
				CE0DF8302A37F99A00D44A74 /* Swift_quizUITestsLaunchTests.swift in Sources */,
			);
			runOnlyForDeploymentPostprocessing = 0;
		};
/* End PBXSourcesBuildPhase section */

/* Begin PBXTargetDependency section */
		CE0DF8212A37F99A00D44A74 /* PBXTargetDependency */ = {
			isa = PBXTargetDependency;
			target = CE0DF8082A37F99900D44A74 /* Swift_quiz */;
			targetProxy = CE0DF8202A37F99A00D44A74 /* PBXContainerItemProxy */;
		};
		CE0DF82B2A37F99A00D44A74 /* PBXTargetDependency */ = {
			isa = PBXTargetDependency;
			target = CE0DF8082A37F99900D44A74 /* Swift_quiz */;
			targetProxy = CE0DF82A2A37F99A00D44A74 /* PBXContainerItemProxy */;
		};
/* End PBXTargetDependency section */

/* Begin PBXVariantGroup section */
		CE0DF8122A37F99900D44A74 /* Main.storyboard */ = {
			isa = PBXVariantGroup;
			children = (
				CE0DF8132A37F99900D44A74 /* Base */,
			);
			name = Main.storyboard;
			sourceTree = "<group>";
		};
		CE0DF8172A37F99A00D44A74 /* LaunchScreen.storyboard */ = {
			isa = PBXVariantGroup;
			children = (
				CE0DF8182A37F99A00D44A74 /* Base */,
			);
			name = LaunchScreen.storyboard;
			sourceTree = "<group>";
		};
/* End PBXVariantGroup section */

/* Begin XCBuildConfiguration section */
		CE0DF8312A37F99A00D44A74 /* Debug */ = {
			isa = XCBuildConfiguration;
			buildSettings = {
				ALWAYS_SEARCH_USER_PATHS = NO;
				CLANG_ANALYZER_NONNULL = YES;
				CLANG_ANALYZER_NUMBER_OBJECT_CONVERSION = YES_AGGRESSIVE;
				CLANG_CXX_LANGUAGE_STANDARD = "gnu++20";
				CLANG_ENABLE_MODULES = YES;
				CLANG_ENABLE_OBJC_ARC = YES;
				CLANG_ENABLE_OBJC_WEAK = YES;
				CLANG_WARN_BLOCK_CAPTURE_AUTORELEASING = YES;
				CLANG_WARN_BOOL_CONVERSION = YES;
				CLANG_WARN_COMMA = YES;
				CLANG_WARN_CONSTANT_CONVERSION = YES;
				CLANG_WARN_DEPRECATED_OBJC_IMPLEMENTATIONS = YES;
				CLANG_WARN_DIRECT_OBJC_ISA_USAGE = YES_ERROR;
				CLANG_WARN_DOCUMENTATION_COMMENTS = YES;
				CLANG_WARN_EMPTY_BODY = YES;
				CLANG_WARN_ENUM_CONVERSION = YES;
				CLANG_WARN_INFINITE_RECURSION = YES;
				CLANG_WARN_INT_CONVERSION = YES;
				CLANG_WARN_NON_LITERAL_NULL_CONVERSION = YES;
				CLANG_WARN_OBJC_IMPLICIT_RETAIN_SELF = YES;
				CLANG_WARN_OBJC_LITERAL_CONVERSION = YES;
				CLANG_WARN_OBJC_ROOT_CLASS = YES_ERROR;
				CLANG_WARN_QUOTED_INCLUDE_IN_FRAMEWORK_HEADER = YES;
				CLANG_WARN_RANGE_LOOP_ANALYSIS = YES;
				CLANG_WARN_STRICT_PROTOTYPES = YES;
				CLANG_WARN_SUSPICIOUS_MOVE = YES;
				CLANG_WARN_UNGUARDED_AVAILABILITY = YES_AGGRESSIVE;
				CLANG_WARN_UNREACHABLE_CODE = YES;
				CLANG_WARN__DUPLICATE_METHOD_MATCH = YES;
				COPY_PHASE_STRIP = NO;
				DEBUG_INFORMATION_FORMAT = dwarf;
				ENABLE_STRICT_OBJC_MSGSEND = YES;
				ENABLE_TESTABILITY = YES;
				GCC_C_LANGUAGE_STANDARD = gnu11;
				GCC_DYNAMIC_NO_PIC = NO;
				GCC_NO_COMMON_BLOCKS = YES;
				GCC_OPTIMIZATION_LEVEL = 0;
				GCC_PREPROCESSOR_DEFINITIONS = (
					"DEBUG=1",
					"$(inherited)",
				);
				GCC_WARN_64_TO_32_BIT_CONVERSION = YES;
				GCC_WARN_ABOUT_RETURN_TYPE = YES_ERROR;
				GCC_WARN_UNDECLARED_SELECTOR = YES;
				GCC_WARN_UNINITIALIZED_AUTOS = YES_AGGRESSIVE;
				GCC_WARN_UNUSED_FUNCTION = YES;
				GCC_WARN_UNUSED_VARIABLE = YES;
				IPHONEOS_DEPLOYMENT_TARGET = 16.4;
				MTL_ENABLE_DEBUG_INFO = INCLUDE_SOURCE;
				MTL_FAST_MATH = YES;
				ONLY_ACTIVE_ARCH = YES;
				SDKROOT = iphoneos;
				SWIFT_ACTIVE_COMPILATION_CONDITIONS = DEBUG;
				SWIFT_OPTIMIZATION_LEVEL = "-Onone";
			};
			name = Debug;
		};
		CE0DF8322A37F99A00D44A74 /* Release */ = {
			isa = XCBuildConfiguration;
			buildSettings = {
				ALWAYS_SEARCH_USER_PATHS = NO;
				CLANG_ANALYZER_NONNULL = YES;
				CLANG_ANALYZER_NUMBER_OBJECT_CONVERSION = YES_AGGRESSIVE;
				CLANG_CXX_LANGUAGE_STANDARD = "gnu++20";
				CLANG_ENABLE_MODULES = YES;
				CLANG_ENABLE_OBJC_ARC = YES;
				CLANG_ENABLE_OBJC_WEAK = YES;
				CLANG_WARN_BLOCK_CAPTURE_AUTORELEASING = YES;
				CLANG_WARN_BOOL_CONVERSION = YES;
				CLANG_WARN_COMMA = YES;
				CLANG_WARN_CONSTANT_CONVERSION = YES;
				CLANG_WARN_DEPRECATED_OBJC_IMPLEMENTATIONS = YES;
				CLANG_WARN_DIRECT_OBJC_ISA_USAGE = YES_ERROR;
				CLANG_WARN_DOCUMENTATION_COMMENTS = YES;
				CLANG_WARN_EMPTY_BODY = YES;
				CLANG_WARN_ENUM_CONVERSION = YES;
				CLANG_WARN_INFINITE_RECURSION = YES;
				CLANG_WARN_INT_CONVERSION = YES;
				CLANG_WARN_NON_LITERAL_NULL_CONVERSION = YES;
				CLANG_WARN_OBJC_IMPLICIT_RETAIN_SELF = YES;
				CLANG_WARN_OBJC_LITERAL_CONVERSION = YES;
				CLANG_WARN_OBJC_ROOT_CLASS = YES_ERROR;
				CLANG_WARN_QUOTED_INCLUDE_IN_FRAMEWORK_HEADER = YES;
				CLANG_WARN_RANGE_LOOP_ANALYSIS = YES;
				CLANG_WARN_STRICT_PROTOTYPES = YES;
				CLANG_WARN_SUSPICIOUS_MOVE = YES;
				CLANG_WARN_UNGUARDED_AVAILABILITY = YES_AGGRESSIVE;
				CLANG_WARN_UNREACHABLE_CODE = YES;
				CLANG_WARN__DUPLICATE_METHOD_MATCH = YES;
				COPY_PHASE_STRIP = NO;
				DEBUG_INFORMATION_FORMAT = "dwarf-with-dsym";
				ENABLE_NS_ASSERTIONS = NO;
				ENABLE_STRICT_OBJC_MSGSEND = YES;
				GCC_C_LANGUAGE_STANDARD = gnu11;
				GCC_NO_COMMON_BLOCKS = YES;
				GCC_WARN_64_TO_32_BIT_CONVERSION = YES;
				GCC_WARN_ABOUT_RETURN_TYPE = YES_ERROR;
				GCC_WARN_UNDECLARED_SELECTOR = YES;
				GCC_WARN_UNINITIALIZED_AUTOS = YES_AGGRESSIVE;
				GCC_WARN_UNUSED_FUNCTION = YES;
				GCC_WARN_UNUSED_VARIABLE = YES;
				IPHONEOS_DEPLOYMENT_TARGET = 16.4;
				MTL_ENABLE_DEBUG_INFO = NO;
				MTL_FAST_MATH = YES;
				SDKROOT = iphoneos;
				SWIFT_COMPILATION_MODE = wholemodule;
				SWIFT_OPTIMIZATION_LEVEL = "-O";
				VALIDATE_PRODUCT = YES;
			};
			name = Release;
		};
		CE0DF8342A37F99A00D44A74 /* Debug */ = {
			isa = XCBuildConfiguration;
			buildSettings = {
				ASSETCATALOG_COMPILER_APPICON_NAME = AppIcon;
				ASSETCATALOG_COMPILER_GLOBAL_ACCENT_COLOR_NAME = AccentColor;
				CODE_SIGN_STYLE = Automatic;
				CURRENT_PROJECT_VERSION = 1;
				DEVELOPMENT_TEAM = 52XW92A8PZ;
				GENERATE_INFOPLIST_FILE = YES;
				INFOPLIST_FILE = Swift_quiz/Info.plist;
				INFOPLIST_KEY_NSCameraUsageDescription = "";
				INFOPLIST_KEY_UIApplicationSupportsIndirectInputEvents = YES;
				INFOPLIST_KEY_UILaunchStoryboardName = LaunchScreen;
				INFOPLIST_KEY_UIMainStoryboardFile = Main;
				INFOPLIST_KEY_UISupportedInterfaceOrientations_iPad = "UIInterfaceOrientationPortrait UIInterfaceOrientationPortraitUpsideDown UIInterfaceOrientationLandscapeLeft UIInterfaceOrientationLandscapeRight";
				INFOPLIST_KEY_UISupportedInterfaceOrientations_iPhone = "UIInterfaceOrientationPortrait UIInterfaceOrientationLandscapeLeft UIInterfaceOrientationLandscapeRight";
				LD_RUNPATH_SEARCH_PATHS = (
					"$(inherited)",
					"@executable_path/Frameworks",
				);
				MARKETING_VERSION = 1.0;
				NEW_SETTING = "";
				PRODUCT_BUNDLE_IDENTIFIER = "ayano.Swift-quizzzzzzz";
				PRODUCT_NAME = "$(TARGET_NAME)";
				SWIFT_EMIT_LOC_STRINGS = YES;
				SWIFT_VERSION = 5.0;
				TARGETED_DEVICE_FAMILY = "1,2";
			};
			name = Debug;
		};
		CE0DF8352A37F99A00D44A74 /* Release */ = {
			isa = XCBuildConfiguration;
			buildSettings = {
				ASSETCATALOG_COMPILER_APPICON_NAME = AppIcon;
				ASSETCATALOG_COMPILER_GLOBAL_ACCENT_COLOR_NAME = AccentColor;
				CODE_SIGN_STYLE = Automatic;
				CURRENT_PROJECT_VERSION = 1;
				DEVELOPMENT_TEAM = 52XW92A8PZ;
				GENERATE_INFOPLIST_FILE = YES;
				INFOPLIST_FILE = Swift_quiz/Info.plist;
				INFOPLIST_KEY_NSCameraUsageDescription = "";
				INFOPLIST_KEY_UIApplicationSupportsIndirectInputEvents = YES;
				INFOPLIST_KEY_UILaunchStoryboardName = LaunchScreen;
				INFOPLIST_KEY_UIMainStoryboardFile = Main;
				INFOPLIST_KEY_UISupportedInterfaceOrientations_iPad = "UIInterfaceOrientationPortrait UIInterfaceOrientationPortraitUpsideDown UIInterfaceOrientationLandscapeLeft UIInterfaceOrientationLandscapeRight";
				INFOPLIST_KEY_UISupportedInterfaceOrientations_iPhone = "UIInterfaceOrientationPortrait UIInterfaceOrientationLandscapeLeft UIInterfaceOrientationLandscapeRight";
				LD_RUNPATH_SEARCH_PATHS = (
					"$(inherited)",
					"@executable_path/Frameworks",
				);
				MARKETING_VERSION = 1.0;
				NEW_SETTING = "";
				PRODUCT_BUNDLE_IDENTIFIER = "ayano.Swift-quizzzzzzz";
				PRODUCT_NAME = "$(TARGET_NAME)";
				SWIFT_EMIT_LOC_STRINGS = YES;
				SWIFT_VERSION = 5.0;
				TARGETED_DEVICE_FAMILY = "1,2";
			};
			name = Release;
		};
		CE0DF8372A37F99A00D44A74 /* Debug */ = {
			isa = XCBuildConfiguration;
			buildSettings = {
				ALWAYS_EMBED_SWIFT_STANDARD_LIBRARIES = YES;
				BUNDLE_LOADER = "$(TEST_HOST)";
				CODE_SIGN_STYLE = Automatic;
				CURRENT_PROJECT_VERSION = 1;
				DEVELOPMENT_TEAM = 52XW92A8PZ;
				GENERATE_INFOPLIST_FILE = YES;
				IPHONEOS_DEPLOYMENT_TARGET = 16.4;
				MARKETING_VERSION = 1.0;
				PRODUCT_BUNDLE_IDENTIFIER = "ayano.Swift-quizTests";
				PRODUCT_NAME = "$(TARGET_NAME)";
				SWIFT_EMIT_LOC_STRINGS = NO;
				SWIFT_VERSION = 5.0;
				TARGETED_DEVICE_FAMILY = "1,2";
				TEST_HOST = "$(BUILT_PRODUCTS_DIR)/Swift_quiz.app/$(BUNDLE_EXECUTABLE_FOLDER_PATH)/Swift_quiz";
			};
			name = Debug;
		};
		CE0DF8382A37F99A00D44A74 /* Release */ = {
			isa = XCBuildConfiguration;
			buildSettings = {
				ALWAYS_EMBED_SWIFT_STANDARD_LIBRARIES = YES;
				BUNDLE_LOADER = "$(TEST_HOST)";
				CODE_SIGN_STYLE = Automatic;
				CURRENT_PROJECT_VERSION = 1;
				DEVELOPMENT_TEAM = 52XW92A8PZ;
				GENERATE_INFOPLIST_FILE = YES;
				IPHONEOS_DEPLOYMENT_TARGET = 16.4;
				MARKETING_VERSION = 1.0;
				PRODUCT_BUNDLE_IDENTIFIER = "ayano.Swift-quizTests";
				PRODUCT_NAME = "$(TARGET_NAME)";
				SWIFT_EMIT_LOC_STRINGS = NO;
				SWIFT_VERSION = 5.0;
				TARGETED_DEVICE_FAMILY = "1,2";
				TEST_HOST = "$(BUILT_PRODUCTS_DIR)/Swift_quiz.app/$(BUNDLE_EXECUTABLE_FOLDER_PATH)/Swift_quiz";
			};
			name = Release;
		};
		CE0DF83A2A37F99A00D44A74 /* Debug */ = {
			isa = XCBuildConfiguration;
			buildSettings = {
				ALWAYS_EMBED_SWIFT_STANDARD_LIBRARIES = YES;
				CODE_SIGN_STYLE = Automatic;
				CURRENT_PROJECT_VERSION = 1;
				DEVELOPMENT_TEAM = 52XW92A8PZ;
				GENERATE_INFOPLIST_FILE = YES;
				MARKETING_VERSION = 1.0;
				PRODUCT_BUNDLE_IDENTIFIER = "ayano.Swift-quizUITests";
				PRODUCT_NAME = "$(TARGET_NAME)";
				SWIFT_EMIT_LOC_STRINGS = NO;
				SWIFT_VERSION = 5.0;
				TARGETED_DEVICE_FAMILY = "1,2";
				TEST_TARGET_NAME = Swift_quiz;
			};
			name = Debug;
		};
		CE0DF83B2A37F99A00D44A74 /* Release */ = {
			isa = XCBuildConfiguration;
			buildSettings = {
				ALWAYS_EMBED_SWIFT_STANDARD_LIBRARIES = YES;
				CODE_SIGN_STYLE = Automatic;
				CURRENT_PROJECT_VERSION = 1;
				DEVELOPMENT_TEAM = 52XW92A8PZ;
				GENERATE_INFOPLIST_FILE = YES;
				MARKETING_VERSION = 1.0;
				PRODUCT_BUNDLE_IDENTIFIER = "ayano.Swift-quizUITests";
				PRODUCT_NAME = "$(TARGET_NAME)";
				SWIFT_EMIT_LOC_STRINGS = NO;
				SWIFT_VERSION = 5.0;
				TARGETED_DEVICE_FAMILY = "1,2";
				TEST_TARGET_NAME = Swift_quiz;
			};
			name = Release;
		};
/* End XCBuildConfiguration section */

/* Begin XCConfigurationList section */
		CE0DF8042A37F99900D44A74 /* Build configuration list for PBXProject "Swift_quiz" */ = {
			isa = XCConfigurationList;
			buildConfigurations = (
				CE0DF8312A37F99A00D44A74 /* Debug */,
				CE0DF8322A37F99A00D44A74 /* Release */,
			);
			defaultConfigurationIsVisible = 0;
			defaultConfigurationName = Release;
		};
		CE0DF8332A37F99A00D44A74 /* Build configuration list for PBXNativeTarget "Swift_quiz" */ = {
			isa = XCConfigurationList;
			buildConfigurations = (
				CE0DF8342A37F99A00D44A74 /* Debug */,
				CE0DF8352A37F99A00D44A74 /* Release */,
			);
			defaultConfigurationIsVisible = 0;
			defaultConfigurationName = Release;
		};
		CE0DF8362A37F99A00D44A74 /* Build configuration list for PBXNativeTarget "Swift_quizTests" */ = {
			isa = XCConfigurationList;
			buildConfigurations = (
				CE0DF8372A37F99A00D44A74 /* Debug */,
				CE0DF8382A37F99A00D44A74 /* Release */,
			);
			defaultConfigurationIsVisible = 0;
			defaultConfigurationName = Release;
		};
		CE0DF8392A37F99A00D44A74 /* Build configuration list for PBXNativeTarget "Swift_quizUITests" */ = {
			isa = XCConfigurationList;
			buildConfigurations = (
				CE0DF83A2A37F99A00D44A74 /* Debug */,
				CE0DF83B2A37F99A00D44A74 /* Release */,
			);
			defaultConfigurationIsVisible = 0;
			defaultConfigurationName = Release;
		};
/* End XCConfigurationList section */
	};
	rootObject = CE0DF8012A37F99900D44A74 /* Project object */;
}
